
Microsoft Visual Studio Solution File, Format Version 12.00
# Visual Studio 15
VisualStudioVersion = 15.0.28010.2016
MinimumVisualStudioVersion = 10.0.40219.1
Project("{9A19103F-16F7-4668-BE54-9A1E7A4F7556}") = "CIS_420_WebApplication", "CIS_420_WebApplication\CIS_420_WebApplication.csproj", "{BFB4F0C4-FBAF-48EC-8018-0E8B3E3569C1}"
EndProject
Global
	GlobalSection(SolutionConfigurationPlatforms) = preSolution
		Debug|Any CPU = Debug|Any CPU
		Release|Any CPU = Release|Any CPU
	EndGlobalSection
	GlobalSection(ProjectConfigurationPlatforms) = postSolution
		{BFB4F0C4-FBAF-48EC-8018-0E8B3E3569C1}.Debug|Any CPU.ActiveCfg = Debug|Any CPU
		{BFB4F0C4-FBAF-48EC-8018-0E8B3E3569C1}.Debug|Any CPU.Build.0 = Debug|Any CPU
		{BFB4F0C4-FBAF-48EC-8018-0E8B3E3569C1}.Release|Any CPU.ActiveCfg = Release|Any CPU
		{BFB4F0C4-FBAF-48EC-8018-0E8B3E3569C1}.Release|Any CPU.Build.0 = Release|Any CPU
	EndGlobalSection
	GlobalSection(SolutionProperties) = preSolution
		HideSolutionNode = FALSE
	EndGlobalSection
	GlobalSection(ExtensibilityGlobals) = postSolution
		SolutionGuid = {EEECDD65-E2BC-465C-A176-FCA832CB53A5}
	EndGlobalSection
EndGlobal
